{
  "name": "clonerepo",
  "lockfileVersion": 3,
  "requires": true,
  "packages": {
    "": {
      "dependencies": {
        "@octokit/rest": "^21.0.0",
        "commander": "^12.1.0",
        "simple-git": "^3.25.0"
      }
    },
    "node_modules/@kwsites/file-exists": {
      "version": "1.1.1",
      "resolved": "https://registry.npmjs.org/@kwsites/file-exists/-/file-exists-1.1.1.tgz",
      "integrity": "sha512-m9/5YGR18lIwxSFDwfE3oA7bWuq9kdau6ugN4H2rJeyhFQZcG9AgSHkQtSD15a8WvTgfz9aikZMrKPHvbpqFiw==",
      "license": "MIT",
      "dependencies": {
        "debug": "^4.1.1"
      }
    },
    "node_modules/@kwsites/promise-deferred": {
      "version": "1.1.1",
      "resolved": "https://registry.npmjs.org/@kwsites/promise-deferred/-/promise-deferred-1.1.1.tgz",
      "integrity": "sha512-GaHYm+c0O9MjZRu0ongGBRbinu8gVAMd2UZjji6jVmqKtZluZnptXGWhz1E8j8D2HJ3f/yMxKAUC0b+57wncIw==",
      "license": "MIT"
    },
    "node_modules/@octokit/auth-token": {
      "version": "5.1.1",
      "resolved": "https://registry.npmjs.org/@octokit/auth-token/-/auth-token-5.1.1.tgz",
      "integrity": "sha512-rh3G3wDO8J9wSjfI436JUKzHIxq8NaiL0tVeB2aXmG6p/9859aUOAjA9pmSPNGGZxfwmaJ9ozOJImuNVJdpvbA==",
      "license": "MIT",
      "engines": {
        "node": ">= 18"
      }
    },
    "node_modules/@octokit/core": {
      "version": "6.1.2",
      "resolved": "https://registry.npmjs.org/@octokit/core/-/core-6.1.2.tgz",
      "integrity": "sha512-hEb7Ma4cGJGEUNOAVmyfdB/3WirWMg5hDuNFVejGEDFqupeOysLc2sG6HJxY2etBp5YQu5Wtxwi020jS9xlUwg==",
      "license": "MIT",
      "dependencies": {
        "@octokit/auth-token": "^5.0.0",
        "@octokit/graphql": "^8.0.0",
        "@octokit/request": "^9.0.0",
        "@octokit/request-error": "^6.0.1",
        "@octokit/types": "^13.0.0",
        "before-after-hook": "^3.0.2",
        "universal-user-agent": "^7.0.0"
      },
      "engines": {
        "node": ">= 18"
      }
    },
    "node_modules/@octokit/endpoint": {
      "version": "10.1.1",
      "resolved": "https://registry.npmjs.org/@octokit/endpoint/-/endpoint-10.1.1.tgz",
      "integrity": "sha512-JYjh5rMOwXMJyUpj028cu0Gbp7qe/ihxfJMLc8VZBMMqSwLgOxDI1911gV4Enl1QSavAQNJcwmwBF9M0VvLh6Q==",
      "license": "MIT",
      "dependencies": {
        "@octokit/types": "^13.0.0",
        "universal-user-agent": "^7.0.2"
      },
      "engines": {
        "node": ">= 18"
      }
    },
    "node_modules/@octokit/graphql": {
      "version": "8.1.1",
      "resolved": "https://registry.npmjs.org/@octokit/graphql/-/graphql-8.1.1.tgz",
      "integrity": "sha512-ukiRmuHTi6ebQx/HFRCXKbDlOh/7xEV6QUXaE7MJEKGNAncGI/STSbOkl12qVXZrfZdpXctx5O9X1AIaebiDBg==",
      "license": "MIT",
      "dependencies": {
        "@octokit/request": "^9.0.0",
        "@octokit/types": "^13.0.0",
        "universal-user-agent": "^7.0.0"
      },
      "engines": {
        "node": ">= 18"
      }
    },
    "node_modules/@octokit/openapi-types": {
      "version": "22.2.0",
      "resolved": "https://registry.npmjs.org/@octokit/openapi-types/-/openapi-types-22.2.0.tgz",
      "integrity": "sha512-QBhVjcUa9W7Wwhm6DBFu6ZZ+1/t/oYxqc2tp81Pi41YNuJinbFRx8B133qVOrAaBbF7D/m0Et6f9/pZt9Rc+tg==",
      "license": "MIT"
    },
    "node_modules/@octokit/plugin-paginate-rest": {
      "version": "11.3.3",
      "resolved": "https://registry.npmjs.org/@octokit/plugin-paginate-rest/-/plugin-paginate-rest-11.3.3.tgz",
      "integrity": "sha512-o4WRoOJZlKqEEgj+i9CpcmnByvtzoUYC6I8PD2SA95M+BJ2x8h7oLcVOg9qcowWXBOdcTRsMZiwvM3EyLm9AfA==",
      "license": "MIT",
      "dependencies": {
        "@octokit/types": "^13.5.0"
      },
      "engines": {
        "node": ">= 18"
      },
      "peerDependencies": {
        "@octokit/core": ">=6"
      }
    },
    "node_modules/@octokit/plugin-request-log": {
      "version": "5.3.0",
      "resolved": "https://registry.npmjs.org/@octokit/plugin-request-log/-/plugin-request-log-5.3.0.tgz",
      "integrity": "sha512-FiGcyjdtYPlr03ExBk/0ysIlEFIFGJQAVoPPMxL19B24bVSEiZQnVGBunNtaAF1YnvE/EFoDpXmITtRnyCiypQ==",
      "license": "MIT",
      "engines": {
        "node": ">= 18"
      },
      "peerDependencies": {
        "@octokit/core": ">=6"
      }
    },
    "node_modules/@octokit/plugin-rest-endpoint-methods": {
      "version": "13.2.4",
      "resolved": "https://registry.npmjs.org/@octokit/plugin-rest-endpoint-methods/-/plugin-rest-endpoint-methods-13.2.4.tgz",
      "integrity": "sha512-gusyAVgTrPiuXOdfqOySMDztQHv6928PQ3E4dqVGEtOvRXAKRbJR4b1zQyniIT9waqaWk/UDaoJ2dyPr7Bk7Iw==",
      "license": "MIT",
      "dependencies": {
        "@octokit/types": "^13.5.0"
      },
      "engines": {
        "node": ">= 18"
      },
      "peerDependencies": {
        "@octokit/core": ">=6"
      }
    },
    "node_modules/@octokit/request": {
      "version": "9.1.2",
      "resolved": "https://registry.npmjs.org/@octokit/request/-/request-9.1.2.tgz",
      "integrity": "sha512-ZWRYo7KfV8qc0tW6GmKKYVCmslauxU1wRDJIKdz/DpA5c2pgBScquCiBBD8D0LKa351pLYezWgnwhu/svwzAJg==",
      "license": "MIT",
      "dependencies": {
        "@octokit/endpoint": "^10.0.0",
        "@octokit/request-error": "^6.0.1",
        "@octokit/types": "^13.1.0",
        "universal-user-agent": "^7.0.2"
      },
      "engines": {
        "node": ">= 18"
      }
    },
    "node_modules/@octokit/request-error": {
      "version": "6.1.4",
      "resolved": "https://registry.npmjs.org/@octokit/request-error/-/request-error-6.1.4.tgz",
      "integrity": "sha512-VpAhIUxwhWZQImo/dWAN/NpPqqojR6PSLgLYAituLM6U+ddx9hCioFGwBr5Mi+oi5CLeJkcAs3gJ0PYYzU6wUg==",
      "license": "MIT",
      "dependencies": {
        "@octokit/types": "^13.0.0"
      },
      "engines": {
        "node": ">= 18"
      }
    },
    "node_modules/@octokit/rest": {
      "version": "21.0.0",
      "resolved": "https://registry.npmjs.org/@octokit/rest/-/rest-21.0.0.tgz",
      "integrity": "sha512-XudXXOmiIjivdjNZ+fN71NLrnDM00sxSZlhqmPR3v0dVoJwyP628tSlc12xqn8nX3N0965583RBw5GPo6r8u4Q==",
      "license": "MIT",
      "dependencies": {
        "@octokit/core": "^6.1.2",
        "@octokit/plugin-paginate-rest": "^11.0.0",
        "@octokit/plugin-request-log": "^5.1.0",
        "@octokit/plugin-rest-endpoint-methods": "^13.0.0"
      },
      "engines": {
        "node": ">= 18"
      }
    },
    "node_modules/@octokit/types": {
      "version": "13.5.0",
      "resolved": "https://registry.npmjs.org/@octokit/types/-/types-13.5.0.tgz",
      "integrity": "sha512-HdqWTf5Z3qwDVlzCrP8UJquMwunpDiMPt5er+QjGzL4hqr/vBVY/MauQgS1xWxCDT1oMx1EULyqxncdCY/NVSQ==",
      "license": "MIT",
      "dependencies": {
        "@octokit/openapi-types": "^22.2.0"
      }
    },
    "node_modules/before-after-hook": {
      "version": "3.0.2",
      "resolved": "https://registry.npmjs.org/before-after-hook/-/before-after-hook-3.0.2.tgz",
      "integrity": "sha512-Nik3Sc0ncrMK4UUdXQmAnRtzmNQTAAXmXIopizwZ1W1t8QmfJj+zL4OA2I7XPTPW5z5TDqv4hRo/JzouDJnX3A==",
      "license": "Apache-2.0"
    },
    "node_modules/commander": {
      "version": "12.1.0",
      "resolved": "https://registry.npmjs.org/commander/-/commander-12.1.0.tgz",
      "integrity": "sha512-Vw8qHK3bZM9y/P10u3Vib8o/DdkvA2OtPtZvD871QKjy74Wj1WSKFILMPRPSdUSx5RFK1arlJzEtA4PkFgnbuA==",
      "license": "MIT",
      "engines": {
        "node": ">=18"
      }
    },
    "node_modules/debug": {
      "version": "4.3.5",
      "resolved": "https://registry.npmjs.org/debug/-/debug-4.3.5.tgz",
      "integrity": "sha512-pt0bNEmneDIvdL1Xsd9oDQ/wrQRkXDT4AUWlNZNPKvW5x/jyO9VFXkJUP07vQ2upmw5PlaITaPKc31jK13V+jg==",
      "license": "MIT",
      "dependencies": {
        "ms": "2.1.2"
      },
      "engines": {
        "node": ">=6.0"
      },
      "peerDependenciesMeta": {
        "supports-color": {
          "optional": true
        }
      }
    },
    "node_modules/ms": {
      "version": "2.1.2",
      "resolved": "https://registry.npmjs.org/ms/-/ms-2.1.2.tgz",
      "integrity": "sha512-sGkPx+VjMtmA6MX27oA4FBFELFCZZ4S4XqeGOXCv68tT+jb3vk/RyaKWP0PTKyWtmLSM0b+adUTEvbs1PEaH2w==",
      "license": "MIT"
    },
    "node_modules/simple-git": {
      "version": "3.25.0",
      "resolved": "https://registry.npmjs.org/simple-git/-/simple-git-3.25.0.tgz",
      "integrity": "sha512-KIY5sBnzc4yEcJXW7Tdv4viEz8KyG+nU0hay+DWZasvdFOYKeUZ6Xc25LUHHjw0tinPT7O1eY6pzX7pRT1K8rw==",
      "license": "MIT",
      "dependencies": {
        "@kwsites/file-exists": "^1.1.1",
        "@kwsites/promise-deferred": "^1.1.1",
        "debug": "^4.3.5"
      },
      "funding": {
        "type": "github",
        "url": "https://github.com/steveukx/git-js?sponsor=1"
      }
    },
    "node_modules/universal-user-agent": {
      "version": "7.0.2",
      "resolved": "https://registry.npmjs.org/universal-user-agent/-/universal-user-agent-7.0.2.tgz",
      "integrity": "sha512-0JCqzSKnStlRRQfCdowvqy3cy0Dvtlb8xecj/H8JFZuCze4rwjPZQOgvFvn0Ws/usCHQFGpyr+pB9adaGwXn4Q==",
      "license": "ISC"
    }
  }
}
